// !$*UTF8*$!
{
	archiveVersion = 1;
	classes = {
	};
	objectVersion = 50;
	objects = {

/* Begin PBXBuildFile section */
		954E00B120C7DF4B0059BBCA /* AppDelegate.m in Sources */ = {isa = PBXBuildFile; fileRef = 954E00B020C7DF4B0059BBCA /* AppDelegate.m */; };
		954E00B420C7DF4B0059BBCA /* ViewController.m in Sources */ = {isa = PBXBuildFile; fileRef = 954E00B320C7DF4B0059BBCA /* ViewController.m */; };
		954E00B720C7DF4B0059BBCA /* Main.storyboard in Resources */ = {isa = PBXBuildFile; fileRef = 954E00B520C7DF4B0059BBCA /* Main.storyboard */; };
		954E00B920C7DF4D0059BBCA /* Assets.xcassets in Resources */ = {isa = PBXBuildFile; fileRef = 954E00B820C7DF4D0059BBCA /* Assets.xcassets */; };
		954E00BC20C7DF4D0059BBCA /* LaunchScreen.storyboard in Resources */ = {isa = PBXBuildFile; fileRef = 954E00BA20C7DF4D0059BBCA /* LaunchScreen.storyboard */; };
		954E00BF20C7DF4D0059BBCA /* main.m in Sources */ = {isa = PBXBuildFile; fileRef = 954E00BE20C7DF4D0059BBCA /* main.m */; };
		954E013F20C7E42B0059BBCA /* BBLiveEmotion.framework in Frameworks */ = {isa = PBXBuildFile; fileRef = 954E00F120C7E0700059BBCA /* BBLiveEmotion.framework */; };
		954E015320C7EA130059BBCA /* BBLiveEmotionResource.bundle in Resources */ = {isa = PBXBuildFile; fileRef = 954E015120C7E9AF0059BBCA /* BBLiveEmotionResource.bundle */; };
		95A28AB221A6996B005FF6AB /* CustomTextView.m in Sources */ = {isa = PBXBuildFile; fileRef = 95A28AB121A6996B005FF6AB /* CustomTextView.m */; };
		95C45B0120D10E2B00F45B1D /* ViewController0.m in Sources */ = {isa = PBXBuildFile; fileRef = 95C45B0020D10E2B00F45B1D /* ViewController0.m */; };
		F819CF37E6F6D452FA68530F /* libPods-BBLiveEmotionDemo.a in Frameworks */ = {isa = PBXBuildFile; fileRef = 989C7AE5B98481E4A51D359A /* libPods-BBLiveEmotionDemo.a */; };
/* End PBXBuildFile section */

/* Begin PBXContainerItemProxy section */
		954E00F020C7E0700059BBCA /* PBXContainerItemProxy */ = {
			isa = PBXContainerItemProxy;
			containerPortal = 954E00EC20C7E0700059BBCA /* BBLiveEmotion.xcodeproj */;
			proxyType = 2;
			remoteGlobalIDString = 954E00E120C7E0420059BBCA;
			remoteInfo = BBLiveEmotion;
		};
		954E00F220C7E0750059BBCA /* PBXContainerItemProxy */ = {
			isa = PBXContainerItemProxy;
			containerPortal = 954E00EC20C7E0700059BBCA /* BBLiveEmotion.xcodeproj */;
			proxyType = 1;
			remoteGlobalIDString = 954E00E020C7E0420059BBCA;
			remoteInfo = BBLiveEmotion;
		};
		954E015020C7E9AF0059BBCA /* PBXContainerItemProxy */ = {
			isa = PBXContainerItemProxy;
			containerPortal = 954E00EC20C7E0700059BBCA /* BBLiveEmotion.xcodeproj */;
			proxyType = 2;
			remoteGlobalIDString = 954E014420C7E80D0059BBCA;
			remoteInfo = BBLiveEmotionResource;
		};
/* End PBXContainerItemProxy section */

/* Begin PBXCopyFilesBuildPhase section */
		954E00D620C7DFD70059BBCA /* Embed Frameworks */ = {
			isa = PBXCopyFilesBuildPhase;
			buildActionMask = 2147483647;
			dstPath = "";
			dstSubfolderSpec = 10;
			files = (
			);
			name = "Embed Frameworks";
			runOnlyForDeploymentPostprocessing = 0;
		};
/* End PBXCopyFilesBuildPhase section */

/* Begin PBXFileReference section */
		183BFD78AC61B0C031C2C872 /* Pods-BBLiveEmotionDemo.release.xcconfig */ = {isa = PBXFileReference; includeInIndex = 1; lastKnownFileType = text.xcconfig; name = "Pods-BBLiveEmotionDemo.release.xcconfig"; path = "../Pods/Target Support Files/Pods-BBLiveEmotionDemo/Pods-BBLiveEmotionDemo.release.xcconfig"; sourceTree = "<group>"; };
		954E00AC20C7DF4B0059BBCA /* BBLiveEmotionDemo.app */ = {isa = PBXFileReference; explicitFileType = wrapper.application; includeInIndex = 0; path = BBLiveEmotionDemo.app; sourceTree = BUILT_PRODUCTS_DIR; };
		954E00AF20C7DF4B0059BBCA /* AppDelegate.h */ = {isa = PBXFileReference; lastKnownFileType = sourcecode.c.h; path = AppDelegate.h; sourceTree = "<group>"; };
		954E00B020C7DF4B0059BBCA /* AppDelegate.m */ = {isa = PBXFileReference; lastKnownFileType = sourcecode.c.objc; path = AppDelegate.m; sourceTree = "<group>"; };
		954E00B220C7DF4B0059BBCA /* ViewController.h */ = {isa = PBXFileReference; lastKnownFileType = sourcecode.c.h; path = ViewController.h; sourceTree = "<group>"; };
		954E00B320C7DF4B0059BBCA /* ViewController.m */ = {isa = PBXFileReference; lastKnownFileType = sourcecode.c.objc; path = ViewController.m; sourceTree = "<group>"; };
		954E00B620C7DF4B0059BBCA /* Base */ = {isa = PBXFileReference; lastKnownFileType = file.storyboard; name = Base; path = Base.lproj/Main.storyboard; sourceTree = "<group>"; };
		954E00B820C7DF4D0059BBCA /* Assets.xcassets */ = {isa = PBXFileReference; lastKnownFileType = folder.assetcatalog; path = Assets.xcassets; sourceTree = "<group>"; };
		954E00BB20C7DF4D0059BBCA /* Base */ = {isa = PBXFileReference; lastKnownFileType = file.storyboard; name = Base; path = Base.lproj/LaunchScreen.storyboard; sourceTree = "<group>"; };
		954E00BD20C7DF4D0059BBCA /* Info.plist */ = {isa = PBXFileReference; lastKnownFileType = text.plist.xml; path = Info.plist; sourceTree = "<group>"; };
		954E00BE20C7DF4D0059BBCA /* main.m */ = {isa = PBXFileReference; lastKnownFileType = sourcecode.c.objc; path = main.m; sourceTree = "<group>"; };
		954E00EC20C7E0700059BBCA /* BBLiveEmotion.xcodeproj */ = {isa = PBXFileReference; lastKnownFileType = "wrapper.pb-project"; name = BBLiveEmotion.xcodeproj; path = ../BBLiveEmotion/BBLiveEmotion.xcodeproj; sourceTree = "<group>"; };
		95A28AB021A6996B005FF6AB /* CustomTextView.h */ = {isa = PBXFileReference; lastKnownFileType = sourcecode.c.h; path = CustomTextView.h; sourceTree = "<group>"; };
		95A28AB121A6996B005FF6AB /* CustomTextView.m */ = {isa = PBXFileReference; lastKnownFileType = sourcecode.c.objc; path = CustomTextView.m; sourceTree = "<group>"; };
		95C45AFF20D10E2B00F45B1D /* ViewController0.h */ = {isa = PBXFileReference; lastKnownFileType = sourcecode.c.h; path = ViewController0.h; sourceTree = "<group>"; };
		95C45B0020D10E2B00F45B1D /* ViewController0.m */ = {isa = PBXFileReference; lastKnownFileType = sourcecode.c.objc; path = ViewController0.m; sourceTree = "<group>"; };
		989C7AE5B98481E4A51D359A /* libPods-BBLiveEmotionDemo.a */ = {isa = PBXFileReference; explicitFileType = archive.ar; includeInIndex = 0; path = "libPods-BBLiveEmotionDemo.a"; sourceTree = BUILT_PRODUCTS_DIR; };
		B195DC9153E44792C3D691A9 /* Pods-BBLiveEmotionDemo.debug.xcconfig */ = {isa = PBXFileReference; includeInIndex = 1; lastKnownFileType = text.xcconfig; name = "Pods-BBLiveEmotionDemo.debug.xcconfig"; path = "../Pods/Target Support Files/Pods-BBLiveEmotionDemo/Pods-BBLiveEmotionDemo.debug.xcconfig"; sourceTree = "<group>"; };
/* End PBXFileReference section */

/* Begin PBXFrameworksBuildPhase section */
		954E00A920C7DF4B0059BBCA /* Frameworks */ = {
			isa = PBXFrameworksBuildPhase;
			buildActionMask = 2147483647;
			files = (
				954E013F20C7E42B0059BBCA /* BBLiveEmotion.framework in Frameworks */,
				F819CF37E6F6D452FA68530F /* libPods-BBLiveEmotionDemo.a in Frameworks */,
			);
			runOnlyForDeploymentPostprocessing = 0;
		};
/* End PBXFrameworksBuildPhase section */

/* Begin PBXGroup section */
		78947037CA3D51608681C240 /* Pods */ = {
			isa = PBXGroup;
			children = (
				B195DC9153E44792C3D691A9 /* Pods-BBLiveEmotionDemo.debug.xcconfig */,
				183BFD78AC61B0C031C2C872 /* Pods-BBLiveEmotionDemo.release.xcconfig */,
			);
			name = Pods;
			sourceTree = "<group>";
		};
		954E00A320C7DF4B0059BBCA = {
			isa = PBXGroup;
			children = (
				954E00EC20C7E0700059BBCA /* BBLiveEmotion.xcodeproj */,
				954E00AE20C7DF4B0059BBCA /* BBLiveEmotionDemo */,
				954E00AD20C7DF4B0059BBCA /* Products */,
				954E013E20C7E42B0059BBCA /* Frameworks */,
				78947037CA3D51608681C240 /* Pods */,
			);
			sourceTree = "<group>";
		};
		954E00AD20C7DF4B0059BBCA /* Products */ = {
			isa = PBXGroup;
			children = (
				954E00AC20C7DF4B0059BBCA /* BBLiveEmotionDemo.app */,
			);
			name = Products;
			sourceTree = "<group>";
		};
		954E00AE20C7DF4B0059BBCA /* BBLiveEmotionDemo */ = {
			isa = PBXGroup;
			children = (
				954E00AF20C7DF4B0059BBCA /* AppDelegate.h */,
				954E00B020C7DF4B0059BBCA /* AppDelegate.m */,
				954E00B220C7DF4B0059BBCA /* ViewController.h */,
				954E00B320C7DF4B0059BBCA /* ViewController.m */,
				95C45AFF20D10E2B00F45B1D /* ViewController0.h */,
				95C45B0020D10E2B00F45B1D /* ViewController0.m */,
				95A28AB021A6996B005FF6AB /* CustomTextView.h */,
				95A28AB121A6996B005FF6AB /* CustomTextView.m */,
				954E00B520C7DF4B0059BBCA /* Main.storyboard */,
				954E00B820C7DF4D0059BBCA /* Assets.xcassets */,
				954E00BA20C7DF4D0059BBCA /* LaunchScreen.storyboard */,
				954E00BD20C7DF4D0059BBCA /* Info.plist */,
				954E00BE20C7DF4D0059BBCA /* main.m */,
			);
			path = BBLiveEmotionDemo;
			sourceTree = "<group>";
		};
		954E00ED20C7E0700059BBCA /* Products */ = {
			isa = PBXGroup;
			children = (
				954E00F120C7E0700059BBCA /* BBLiveEmotion.framework */,
				954E015120C7E9AF0059BBCA /* BBLiveEmotionResource.bundle */,
			);
			name = Products;
			sourceTree = "<group>";
		};
		954E013E20C7E42B0059BBCA /* Frameworks */ = {
			isa = PBXGroup;
			children = (
				989C7AE5B98481E4A51D359A /* libPods-BBLiveEmotionDemo.a */,
			);
			name = Frameworks;
			sourceTree = "<group>";
		};
/* End PBXGroup section */

/* Begin PBXNativeTarget section */
		954E00AB20C7DF4B0059BBCA /* BBLiveEmotionDemo */ = {
			isa = PBXNativeTarget;
			buildConfigurationList = 954E00C220C7DF4D0059BBCA /* Build configuration list for PBXNativeTarget "BBLiveEmotionDemo" */;
			buildPhases = (
				5D0C5ACDC39929E17D9C0753 /* [CP] Check Pods Manifest.lock */,
				954E00A820C7DF4B0059BBCA /* Sources */,
				954E00A920C7DF4B0059BBCA /* Frameworks */,
				954E00AA20C7DF4B0059BBCA /* Resources */,
				954E00D620C7DFD70059BBCA /* Embed Frameworks */,
				82F1ABA37FA7E710B1FD2F52 /* [CP] Embed Pods Frameworks */,
				F0360FA5238580FD932E0FBA /* [CP] Copy Pods Resources */,
			);
			buildRules = (
			);
			dependencies = (
				954E00F320C7E0750059BBCA /* PBXTargetDependency */,
			);
			name = BBLiveEmotionDemo;
			productName = BBLiveEmotionDemo;
			productReference = 954E00AC20C7DF4B0059BBCA /* BBLiveEmotionDemo.app */;
			productType = "com.apple.product-type.application";
		};
/* End PBXNativeTarget section */

/* Begin PBXProject section */
		954E00A420C7DF4B0059BBCA /* Project object */ = {
			isa = PBXProject;
			attributes = {
				LastUpgradeCheck = 0940;
				ORGANIZATIONNAME = linzuhan;
				TargetAttributes = {
					954E00AB20C7DF4B0059BBCA = {
						CreatedOnToolsVersion = 9.4;
					};
				};
			};
			buildConfigurationList = 954E00A720C7DF4B0059BBCA /* Build configuration list for PBXProject "BBLiveEmotionDemo" */;
			compatibilityVersion = "Xcode 9.3";
			developmentRegion = en;
			hasScannedForEncodings = 0;
			knownRegions = (
				en,
				Base,
			);
			mainGroup = 954E00A320C7DF4B0059BBCA;
			productRefGroup = 954E00AD20C7DF4B0059BBCA /* Products */;
			projectDirPath = "";
			projectReferences = (
				{
					ProductGroup = 954E00ED20C7E0700059BBCA /* Products */;
					ProjectRef = 954E00EC20C7E0700059BBCA /* BBLiveEmotion.xcodeproj */;
				},
			);
			projectRoot = "";
			targets = (
				954E00AB20C7DF4B0059BBCA /* BBLiveEmotionDemo */,
			);
		};
/* End PBXProject section */

/* Begin PBXReferenceProxy section */
		954E00F120C7E0700059BBCA /* BBLiveEmotion.framework */ = {
			isa = PBXReferenceProxy;
			fileType = wrapper.framework;
			path = BBLiveEmotion.framework;
			remoteRef = 954E00F020C7E0700059BBCA /* PBXContainerItemProxy */;
			sourceTree = BUILT_PRODUCTS_DIR;
		};
		954E015120C7E9AF0059BBCA /* BBLiveEmotionResource.bundle */ = {
			isa = PBXReferenceProxy;
			fileType = wrapper.cfbundle;
			path = BBLiveEmotionResource.bundle;
			remoteRef = 954E015020C7E9AF0059BBCA /* PBXContainerItemProxy */;
			sourceTree = BUILT_PRODUCTS_DIR;
		};
/* End PBXReferenceProxy section */

/* Begin PBXResourcesBuildPhase section */
		954E00AA20C7DF4B0059BBCA /* Resources */ = {
			isa = PBXResourcesBuildPhase;
			buildActionMask = 2147483647;
			files = (
				954E015320C7EA130059BBCA /* BBLiveEmotionResource.bundle in Resources */,
				954E00BC20C7DF4D0059BBCA /* LaunchScreen.storyboard in Resources */,
				954E00B920C7DF4D0059BBCA /* Assets.xcassets in Resources */,
				954E00B720C7DF4B0059BBCA /* Main.storyboard in Resources */,
			);
			runOnlyForDeploymentPostprocessing = 0;
		};
/* End PBXResourcesBuildPhase section */

/* Begin PBXShellScriptBuildPhase section */
		5D0C5ACDC39929E17D9C0753 /* [CP] Check Pods Manifest.lock */ = {
			isa = PBXShellScriptBuildPhase;
			buildActionMask = 2147483647;
			files = (
			);
			inputPaths = (
				"${PODS_PODFILE_DIR_PATH}/Podfile.lock",
				"${PODS_ROOT}/Manifest.lock",
			);
			name = "[CP] Check Pods Manifest.lock";
			outputPaths = (
				"$(DERIVED_FILE_DIR)/Pods-BBLiveEmotionDemo-checkManifestLockResult.txt",
			);
			runOnlyForDeploymentPostprocessing = 0;
			shellPath = /bin/sh;
			shellScript = "diff \"${PODS_PODFILE_DIR_PATH}/Podfile.lock\" \"${PODS_ROOT}/Manifest.lock\" > /dev/null\nif [ $? != 0 ] ; then\n    # print error to STDERR\n    echo \"error: The sandbox is not in sync with the Podfile.lock. Run 'pod install' or update your CocoaPods installation.\" >&2\n    exit 1\nfi\n# This output is used by Xcode 'outputs' to avoid re-running this script phase.\necho \"SUCCESS\" > \"${SCRIPT_OUTPUT_FILE_0}\"\n";
			showEnvVarsInLog = 0;
		};
		82F1ABA37FA7E710B1FD2F52 /* [CP] Embed Pods Frameworks */ = {
			isa = PBXShellScriptBuildPhase;
			buildActionMask = 2147483647;
			files = (
			);
			inputPaths = (
			);
			name = "[CP] Embed Pods Frameworks";
			outputPaths = (
			);
			runOnlyForDeploymentPostprocessing = 0;
			shellPath = /bin/sh;
			shellScript = "\"${SRCROOT}/../Pods/Target Support Files/Pods-BBLiveEmotionDemo/Pods-BBLiveEmotionDemo-frameworks.sh\"\n";
			showEnvVarsInLog = 0;
		};
		F0360FA5238580FD932E0FBA /* [CP] Copy Pods Resources */ = {
			isa = PBXShellScriptBuildPhase;
			buildActionMask = 2147483647;
			files = (
			);
			inputPaths = (
			);
			name = "[CP] Copy Pods Resources";
			outputPaths = (
			);
			runOnlyForDeploymentPostprocessing = 0;
			shellPath = /bin/sh;
			shellScript = "\"${SRCROOT}/../Pods/Target Support Files/Pods-BBLiveEmotionDemo/Pods-BBLiveEmotionDemo-resources.sh\"\n";
			showEnvVarsInLog = 0;
		};
/* End PBXShellScriptBuildPhase section */

/* Begin PBXSourcesBuildPhase section */
		954E00A820C7DF4B0059BBCA /* Sources */ = {
			isa = PBXSourcesBuildPhase;
			buildActionMask = 2147483647;
			files = (
				95A28AB221A6996B005FF6AB /* CustomTextView.m in Sources */,
				954E00B420C7DF4B0059BBCA /* ViewController.m in Sources */,
				954E00BF20C7DF4D0059BBCA /* main.m in Sources */,
				954E00B120C7DF4B0059BBCA /* AppDelegate.m in Sources */,
				95C45B0120D10E2B00F45B1D /* ViewController0.m in Sources */,
			);
			runOnlyForDeploymentPostprocessing = 0;
		};
/* End PBXSourcesBuildPhase section */

/* Begin PBXTargetDependency section */
		954E00F320C7E0750059BBCA /* PBXTargetDependency */ = {
			isa = PBXTargetDependency;
			name = BBLiveEmotion;
			targetProxy = 954E00F220C7E0750059BBCA /* PBXContainerItemProxy */;
		};
/* End PBXTargetDependency section */

/* Begin PBXVariantGroup section */
		954E00B520C7DF4B0059BBCA /* Main.storyboard */ = {
			isa = PBXVariantGroup;
			children = (
				954E00B620C7DF4B0059BBCA /* Base */,
			);
			name = Main.storyboard;
			sourceTree = "<group>";
		};
		954E00BA20C7DF4D0059BBCA /* LaunchScreen.storyboard */ = {
			isa = PBXVariantGroup;
			children = (
				954E00BB20C7DF4D0059BBCA /* Base */,
			);
			name = LaunchScreen.storyboard;
			sourceTree = "<group>";
		};
/* End PBXVariantGroup section */

/* Begin XCBuildConfiguration section */
		954E00C020C7DF4D0059BBCA /* Debug */ = {
			isa = XCBuildConfiguration;
			buildSettings = {
				ALWAYS_SEARCH_USER_PATHS = NO;
				CLANG_ANALYZER_NONNULL = YES;
				CLANG_ANALYZER_NUMBER_OBJECT_CONVERSION = YES_AGGRESSIVE;
				CLANG_CXX_LANGUAGE_STANDARD = "gnu++14";
				CLANG_CXX_LIBRARY = "libc++";
				CLANG_ENABLE_MODULES = YES;
				CLANG_ENABLE_OBJC_ARC = YES;
				CLANG_ENABLE_OBJC_WEAK = YES;
				CLANG_WARN_BLOCK_CAPTURE_AUTORELEASING = YES;
				CLANG_WARN_BOOL_CONVERSION = YES;
				CLANG_WARN_COMMA = YES;
				CLANG_WARN_CONSTANT_CONVERSION = YES;
				CLANG_WARN_DEPRECATED_OBJC_IMPLEMENTATIONS = YES;
				CLANG_WARN_DIRECT_OBJC_ISA_USAGE = YES_ERROR;
				CLANG_WARN_DOCUMENTATION_COMMENTS = YES;
				CLANG_WARN_EMPTY_BODY = YES;
				CLANG_WARN_ENUM_CONVERSION = YES;
				CLANG_WARN_INFINITE_RECURSION = YES;
				CLANG_WARN_INT_CONVERSION = YES;
				CLANG_WARN_NON_LITERAL_NULL_CONVERSION = YES;
				CLANG_WARN_OBJC_IMPLICIT_RETAIN_SELF = YES;
				CLANG_WARN_OBJC_LITERAL_CONVERSION = YES;
				CLANG_WARN_OBJC_ROOT_CLASS = YES_ERROR;
				CLANG_WARN_RANGE_LOOP_ANALYSIS = YES;
				CLANG_WARN_STRICT_PROTOTYPES = YES;
				CLANG_WARN_SUSPICIOUS_MOVE = YES;
				CLANG_WARN_UNGUARDED_AVAILABILITY = YES_AGGRESSIVE;
				CLANG_WARN_UNREACHABLE_CODE = YES;
				CLANG_WARN__DUPLICATE_METHOD_MATCH = YES;
				CODE_SIGN_IDENTITY = "iPhone Developer";
				COPY_PHASE_STRIP = NO;
				DEBUG_INFORMATION_FORMAT = dwarf;
				ENABLE_STRICT_OBJC_MSGSEND = YES;
				ENABLE_TESTABILITY = YES;
				GCC_C_LANGUAGE_STANDARD = gnu11;
				GCC_DYNAMIC_NO_PIC = NO;
				GCC_NO_COMMON_BLOCKS = YES;
				GCC_OPTIMIZATION_LEVEL = 0;
				GCC_PREPROCESSOR_DEFINITIONS = (
					"DEBUG=1",
					"$(inherited)",
				);
				GCC_WARN_64_TO_32_BIT_CONVERSION = YES;
				GCC_WARN_ABOUT_RETURN_TYPE = YES_ERROR;
				GCC_WARN_UNDECLARED_SELECTOR = YES;
				GCC_WARN_UNINITIALIZED_AUTOS = YES_AGGRESSIVE;
				GCC_WARN_UNUSED_FUNCTION = YES;
				GCC_WARN_UNUSED_VARIABLE = YES;
				IPHONEOS_DEPLOYMENT_TARGET = 11.4;
				MTL_ENABLE_DEBUG_INFO = YES;
				ONLY_ACTIVE_ARCH = YES;
				SDKROOT = iphoneos;
			};
			name = Debug;
		};
		954E00C120C7DF4D0059BBCA /* Release */ = {
			isa = XCBuildConfiguration;
			buildSettings = {
				ALWAYS_SEARCH_USER_PATHS = NO;
				CLANG_ANALYZER_NONNULL = YES;
				CLANG_ANALYZER_NUMBER_OBJECT_CONVERSION = YES_AGGRESSIVE;
				CLANG_CXX_LANGUAGE_STANDARD = "gnu++14";
				CLANG_CXX_LIBRARY = "libc++";
				CLANG_ENABLE_MODULES = YES;
				CLANG_ENABLE_OBJC_ARC = YES;
				CLANG_ENABLE_OBJC_WEAK = YES;
				CLANG_WARN_BLOCK_CAPTURE_AUTORELEASING = YES;
				CLANG_WARN_BOOL_CONVERSION = YES;
				CLANG_WARN_COMMA = YES;
				CLANG_WARN_CONSTANT_CONVERSION = YES;
				CLANG_WARN_DEPRECATED_OBJC_IMPLEMENTATIONS = YES;
				CLANG_WARN_DIRECT_OBJC_ISA_USAGE = YES_ERROR;
				CLANG_WARN_DOCUMENTATION_COMMENTS = YES;
				CLANG_WARN_EMPTY_BODY = YES;
				CLANG_WARN_ENUM_CONVERSION = YES;
				CLANG_WARN_INFINITE_RECURSION = YES;
				CLANG_WARN_INT_CONVERSION = YES;
				CLANG_WARN_NON_LITERAL_NULL_CONVERSION = YES;
				CLANG_WARN_OBJC_IMPLICIT_RETAIN_SELF = YES;
				CLANG_WARN_OBJC_LITERAL_CONVERSION = YES;
				CLANG_WARN_OBJC_ROOT_CLASS = YES_ERROR;
				CLANG_WARN_RANGE_LOOP_ANALYSIS = YES;
				CLANG_WARN_STRICT_PROTOTYPES = YES;
				CLANG_WARN_SUSPICIOUS_MOVE = YES;
				CLANG_WARN_UNGUARDED_AVAILABILITY = YES_AGGRESSIVE;
				CLANG_WARN_UNREACHABLE_CODE = YES;
				CLANG_WARN__DUPLICATE_METHOD_MATCH = YES;
				CODE_SIGN_IDENTITY = "iPhone Developer";
				COPY_PHASE_STRIP = NO;
				DEBUG_INFORMATION_FORMAT = "dwarf-with-dsym";
				ENABLE_NS_ASSERTIONS = NO;
				ENABLE_STRICT_OBJC_MSGSEND = YES;
				GCC_C_LANGUAGE_STANDARD = gnu11;
				GCC_NO_COMMON_BLOCKS = YES;
				GCC_WARN_64_TO_32_BIT_CONVERSION = YES;
				GCC_WARN_ABOUT_RETURN_TYPE = YES_ERROR;
				GCC_WARN_UNDECLARED_SELECTOR = YES;
				GCC_WARN_UNINITIALIZED_AUTOS = YES_AGGRESSIVE;
				GCC_WARN_UNUSED_FUNCTION = YES;
				GCC_WARN_UNUSED_VARIABLE = YES;
				IPHONEOS_DEPLOYMENT_TARGET = 11.4;
				MTL_ENABLE_DEBUG_INFO = NO;
				SDKROOT = iphoneos;
				VALIDATE_PRODUCT = YES;
			};
			name = Release;
		};
		954E00C320C7DF4D0059BBCA /* Debug */ = {
			isa = XCBuildConfiguration;
			baseConfigurationReference = B195DC9153E44792C3D691A9 /* Pods-BBLiveEmotionDemo.debug.xcconfig */;
			buildSettings = {
				ASSETCATALOG_COMPILER_APPICON_NAME = AppIcon;
				CODE_SIGN_STYLE = Automatic;
				DEVELOPMENT_TEAM = 9NR6QL68PL;
				ENABLE_BITCODE = NO;
				HEADER_SEARCH_PATHS = (
					"\"$(SRCROOT)/../BBLiveEmotion\"/**",
					"$(inherited)",
				);
				INFOPLIST_FILE = BBLiveEmotionDemo/Info.plist;
				IPHONEOS_DEPLOYMENT_TARGET = 10.0;
				LD_RUNPATH_SEARCH_PATHS = (
					"$(inherited)",
					"@executable_path/Frameworks",
				);
				OTHER_LDFLAGS = (
					"-ObjC",
					"$(inherited)",
				);
				PRODUCT_BUNDLE_IDENTIFIER = com.bobei.BBLiveEmotionDemo;
				PRODUCT_NAME = "$(TARGET_NAME)";
				TARGETED_DEVICE_FAMILY = "1,2";
			};
			name = Debug;
		};
		954E00C420C7DF4D0059BBCA /* Release */ = {
			isa = XCBuildConfiguration;
			baseConfigurationReference = 183BFD78AC61B0C031C2C872 /* Pods-BBLiveEmotionDemo.release.xcconfig */;
			buildSettings = {
				ASSETCATALOG_COMPILER_APPICON_NAME = AppIcon;
				CODE_SIGN_STYLE = Automatic;
				DEVELOPMENT_TEAM = 9NR6QL68PL;
				ENABLE_BITCODE = NO;
				HEADER_SEARCH_PATHS = (
					"\"$(SRCROOT)/../BBLiveEmotion\"/**",
					"$(inherited)",
				);
				INFOPLIST_FILE = BBLiveEmotionDemo/Info.plist;
				IPHONEOS_DEPLOYMENT_TARGET = 10.0;
				LD_RUNPATH_SEARCH_PATHS = (
					"$(inherited)",
					"@executable_path/Frameworks",
				);
				OTHER_LDFLAGS = (
					"-ObjC",
					"$(inherited)",
				);
				PRODUCT_BUNDLE_IDENTIFIER = com.bobei.BBLiveEmotionDemo;
				PRODUCT_NAME = "$(TARGET_NAME)";
				TARGETED_DEVICE_FAMILY = "1,2";
			};
			name = Release;
		};
/* End XCBuildConfiguration section */

/* Begin XCConfigurationList section */
		954E00A720C7DF4B0059BBCA /* Build configuration list for PBXProject "BBLiveEmotionDemo" */ = {
			isa = XCConfigurationList;
			buildConfigurations = (
				954E00C020C7DF4D0059BBCA /* Debug */,
				954E00C120C7DF4D0059BBCA /* Release */,
			);
			defaultConfigurationIsVisible = 0;
			defaultConfigurationName = Release;
		};
		954E00C220C7DF4D0059BBCA /* Build configuration list for PBXNativeTarget "BBLiveEmotionDemo" */ = {
			isa = XCConfigurationList;
			buildConfigurations = (
				954E00C320C7DF4D0059BBCA /* Debug */,
				954E00C420C7DF4D0059BBCA /* Release */,
			);
			defaultConfigurationIsVisible = 0;
			defaultConfigurationName = Release;
		};
/* End XCConfigurationList section */
	};
	rootObject = 954E00A420C7DF4B0059BBCA /* Project object */;
}
